// !$*UTF8*$!
{
	archiveVersion = 1;
	classes = {
	};
	objectVersion = 46;
	objects = {

/* Begin PBXBuildFile section */
		1449E42919B4C2CD008B7796 /* PiranhaChanges.m in Sources */ = {isa = PBXBuildFile; fileRef = 1449E42819B4C2CD008B7796 /* PiranhaChanges.m */; };
		1449E42B19B4C2EC008B7796 /* kraftappen.json in Resources */ = {isa = PBXBuildFile; fileRef = 1449E42A19B4C2EC008B7796 /* kraftappen.json */; };
		1449E42E19B4C343008B7796 /* PiranhaPage.m in Sources */ = {isa = PBXBuildFile; fileRef = 1449E42D19B4C343008B7796 /* PiranhaPage.m */; };
		14CEE8C319B4E5990051F1A7 /* PiranhaRegion.m in Sources */ = {isa = PBXBuildFile; fileRef = 14CEE8C219B4E5990051F1A7 /* PiranhaRegion.m */; };
		14CEE8C619B4F8450051F1A7 /* PiranhaContent.m in Sources */ = {isa = PBXBuildFile; fileRef = 14CEE8C519B4F8450051F1A7 /* PiranhaContent.m */; };
		14CEE8C919B4F9A60051F1A7 /* PiranhaPost.m in Sources */ = {isa = PBXBuildFile; fileRef = 14CEE8C819B4F9A60051F1A7 /* PiranhaPost.m */; };
		14E012DD19AD031200BF86A5 /* Cocoa.framework in Frameworks */ = {isa = PBXBuildFile; fileRef = 14E012DC19AD031200BF86A5 /* Cocoa.framework */; };
		14E012E719AD031200BF86A5 /* InfoPlist.strings in Resources */ = {isa = PBXBuildFile; fileRef = 14E012E519AD031200BF86A5 /* InfoPlist.strings */; };
		14E012EB19AD031200BF86A5 /* BOOJsonMapper.m in Sources */ = {isa = PBXBuildFile; fileRef = 14E012EA19AD031200BF86A5 /* BOOJsonMapper.m */; };
		14E012F219AD031200BF86A5 /* XCTest.framework in Frameworks */ = {isa = PBXBuildFile; fileRef = 14E012F119AD031200BF86A5 /* XCTest.framework */; };
		14E012F319AD031200BF86A5 /* Cocoa.framework in Frameworks */ = {isa = PBXBuildFile; fileRef = 14E012DC19AD031200BF86A5 /* Cocoa.framework */; };
		14E012F619AD031200BF86A5 /* BOOJsonMapper.framework in Frameworks */ = {isa = PBXBuildFile; fileRef = 14E012D919AD031200BF86A5 /* BOOJsonMapper.framework */; };
		14E012FC19AD031200BF86A5 /* InfoPlist.strings in Resources */ = {isa = PBXBuildFile; fileRef = 14E012FA19AD031200BF86A5 /* InfoPlist.strings */; };
		14E012FE19AD031200BF86A5 /* BOOJsonMapperTests.m in Sources */ = {isa = PBXBuildFile; fileRef = 14E012FD19AD031200BF86A5 /* BOOJsonMapperTests.m */; };
		14E0130819AD032C00BF86A5 /* data.json in Resources */ = {isa = PBXBuildFile; fileRef = 14E0130719AD032C00BF86A5 /* data.json */; };
		14E0130C19AD04B600BF86A5 /* BOOUser.m in Sources */ = {isa = PBXBuildFile; fileRef = 14E0130B19AD04B600BF86A5 /* BOOUser.m */; };
		14E0130F19AD04C000BF86A5 /* BOOOrganization.m in Sources */ = {isa = PBXBuildFile; fileRef = 14E0130E19AD04C000BF86A5 /* BOOOrganization.m */; };
		14E0131219AD04C700BF86A5 /* BOORoot.m in Sources */ = {isa = PBXBuildFile; fileRef = 14E0131119AD04C700BF86A5 /* BOORoot.m */; };
		14E0131519AD12B000BF86A5 /* BOOChannel.m in Sources */ = {isa = PBXBuildFile; fileRef = 14E0131419AD12B000BF86A5 /* BOOChannel.m */; };
		14E0131819AD145A00BF86A5 /* BOOMessage.m in Sources */ = {isa = PBXBuildFile; fileRef = 14E0131719AD145A00BF86A5 /* BOOMessage.m */; };
		14E0131A19AD19F700BF86A5 /* structureTest.json in Resources */ = {isa = PBXBuildFile; fileRef = 14E0131919AD19F700BF86A5 /* structureTest.json */; };
/* End PBXBuildFile section */

/* Begin PBXContainerItemProxy section */
		14E012F419AD031200BF86A5 /* PBXContainerItemProxy */ = {
			isa = PBXContainerItemProxy;
			containerPortal = 14E012D019AD031200BF86A5 /* Project object */;
			proxyType = 1;
			remoteGlobalIDString = 14E012D819AD031200BF86A5;
			remoteInfo = BOOJsonMapper;
		};
/* End PBXContainerItemProxy section */

/* Begin PBXFileReference section */
		1449E42719B4C2CD008B7796 /* PiranhaChanges.h */ = {isa = PBXFileReference; fileEncoding = 4; lastKnownFileType = sourcecode.c.h; path = PiranhaChanges.h; sourceTree = "<group>"; };
		1449E42819B4C2CD008B7796 /* PiranhaChanges.m */ = {isa = PBXFileReference; fileEncoding = 4; lastKnownFileType = sourcecode.c.objc; path = PiranhaChanges.m; sourceTree = "<group>"; };
		1449E42A19B4C2EC008B7796 /* kraftappen.json */ = {isa = PBXFileReference; fileEncoding = 4; lastKnownFileType = text.json; name = kraftappen.json; path = TestData/kraftappen.json; sourceTree = "<group>"; };
		1449E42C19B4C343008B7796 /* PiranhaPage.h */ = {isa = PBXFileReference; fileEncoding = 4; lastKnownFileType = sourcecode.c.h; path = PiranhaPage.h; sourceTree = "<group>"; };
		1449E42D19B4C343008B7796 /* PiranhaPage.m */ = {isa = PBXFileReference; fileEncoding = 4; lastKnownFileType = sourcecode.c.objc; path = PiranhaPage.m; sourceTree = "<group>"; };
		14CEE8C119B4E5990051F1A7 /* PiranhaRegion.h */ = {isa = PBXFileReference; fileEncoding = 4; lastKnownFileType = sourcecode.c.h; path = PiranhaRegion.h; sourceTree = "<group>"; };
		14CEE8C219B4E5990051F1A7 /* PiranhaRegion.m */ = {isa = PBXFileReference; fileEncoding = 4; lastKnownFileType = sourcecode.c.objc; path = PiranhaRegion.m; sourceTree = "<group>"; };
		14CEE8C419B4F8450051F1A7 /* PiranhaContent.h */ = {isa = PBXFileReference; fileEncoding = 4; lastKnownFileType = sourcecode.c.h; path = PiranhaContent.h; sourceTree = "<group>"; };
		14CEE8C519B4F8450051F1A7 /* PiranhaContent.m */ = {isa = PBXFileReference; fileEncoding = 4; lastKnownFileType = sourcecode.c.objc; path = PiranhaContent.m; sourceTree = "<group>"; };
		14CEE8C719B4F9A60051F1A7 /* PiranhaPost.h */ = {isa = PBXFileReference; fileEncoding = 4; lastKnownFileType = sourcecode.c.h; path = PiranhaPost.h; sourceTree = "<group>"; };
		14CEE8C819B4F9A60051F1A7 /* PiranhaPost.m */ = {isa = PBXFileReference; fileEncoding = 4; lastKnownFileType = sourcecode.c.objc; path = PiranhaPost.m; sourceTree = "<group>"; };
		14E012D919AD031200BF86A5 /* BOOJsonMapper.framework */ = {isa = PBXFileReference; explicitFileType = wrapper.framework; includeInIndex = 0; path = BOOJsonMapper.framework; sourceTree = BUILT_PRODUCTS_DIR; };
		14E012DC19AD031200BF86A5 /* Cocoa.framework */ = {isa = PBXFileReference; lastKnownFileType = wrapper.framework; name = Cocoa.framework; path = System/Library/Frameworks/Cocoa.framework; sourceTree = SDKROOT; };
		14E012DF19AD031200BF86A5 /* Foundation.framework */ = {isa = PBXFileReference; lastKnownFileType = wrapper.framework; name = Foundation.framework; path = System/Library/Frameworks/Foundation.framework; sourceTree = SDKROOT; };
		14E012E019AD031200BF86A5 /* CoreData.framework */ = {isa = PBXFileReference; lastKnownFileType = wrapper.framework; name = CoreData.framework; path = System/Library/Frameworks/CoreData.framework; sourceTree = SDKROOT; };
		14E012E119AD031200BF86A5 /* AppKit.framework */ = {isa = PBXFileReference; lastKnownFileType = wrapper.framework; name = AppKit.framework; path = System/Library/Frameworks/AppKit.framework; sourceTree = SDKROOT; };
		14E012E419AD031200BF86A5 /* BOOJsonMapper-Info.plist */ = {isa = PBXFileReference; lastKnownFileType = text.plist.xml; path = "BOOJsonMapper-Info.plist"; sourceTree = "<group>"; };
		14E012E619AD031200BF86A5 /* en */ = {isa = PBXFileReference; lastKnownFileType = text.plist.strings; name = en; path = en.lproj/InfoPlist.strings; sourceTree = "<group>"; };
		14E012E819AD031200BF86A5 /* BOOJsonMapper-Prefix.pch */ = {isa = PBXFileReference; lastKnownFileType = sourcecode.c.h; path = "BOOJsonMapper-Prefix.pch"; sourceTree = "<group>"; };
		14E012E919AD031200BF86A5 /* BOOJsonMapper.h */ = {isa = PBXFileReference; lastKnownFileType = sourcecode.c.h; path = BOOJsonMapper.h; sourceTree = "<group>"; };
		14E012EA19AD031200BF86A5 /* BOOJsonMapper.m */ = {isa = PBXFileReference; lastKnownFileType = sourcecode.c.objc; path = BOOJsonMapper.m; sourceTree = "<group>"; };
		14E012F019AD031200BF86A5 /* BOOJsonMapperTests.xctest */ = {isa = PBXFileReference; explicitFileType = wrapper.cfbundle; includeInIndex = 0; path = BOOJsonMapperTests.xctest; sourceTree = BUILT_PRODUCTS_DIR; };
		14E012F119AD031200BF86A5 /* XCTest.framework */ = {isa = PBXFileReference; lastKnownFileType = wrapper.framework; name = XCTest.framework; path = Library/Frameworks/XCTest.framework; sourceTree = DEVELOPER_DIR; };
		14E012F919AD031200BF86A5 /* BOOJsonMapperTests-Info.plist */ = {isa = PBXFileReference; lastKnownFileType = text.plist.xml; path = "BOOJsonMapperTests-Info.plist"; sourceTree = "<group>"; };
		14E012FB19AD031200BF86A5 /* en */ = {isa = PBXFileReference; lastKnownFileType = text.plist.strings; name = en; path = en.lproj/InfoPlist.strings; sourceTree = "<group>"; };
		14E012FD19AD031200BF86A5 /* BOOJsonMapperTests.m */ = {isa = PBXFileReference; lastKnownFileType = sourcecode.c.objc; path = BOOJsonMapperTests.m; sourceTree = "<group>"; };
		14E0130719AD032C00BF86A5 /* data.json */ = {isa = PBXFileReference; fileEncoding = 4; lastKnownFileType = text.json; name = data.json; path = TestData/data.json; sourceTree = "<group>"; };
		14E0130A19AD04B600BF86A5 /* BOOUser.h */ = {isa = PBXFileReference; fileEncoding = 4; lastKnownFileType = sourcecode.c.h; path = BOOUser.h; sourceTree = "<group>"; };
		14E0130B19AD04B600BF86A5 /* BOOUser.m */ = {isa = PBXFileReference; fileEncoding = 4; lastKnownFileType = sourcecode.c.objc; path = BOOUser.m; sourceTree = "<group>"; };
		14E0130D19AD04C000BF86A5 /* BOOOrganization.h */ = {isa = PBXFileReference; fileEncoding = 4; lastKnownFileType = sourcecode.c.h; path = BOOOrganization.h; sourceTree = "<group>"; };
		14E0130E19AD04C000BF86A5 /* BOOOrganization.m */ = {isa = PBXFileReference; fileEncoding = 4; lastKnownFileType = sourcecode.c.objc; path = BOOOrganization.m; sourceTree = "<group>"; };
		14E0131019AD04C700BF86A5 /* BOORoot.h */ = {isa = PBXFileReference; fileEncoding = 4; lastKnownFileType = sourcecode.c.h; path = BOORoot.h; sourceTree = "<group>"; };
		14E0131119AD04C700BF86A5 /* BOORoot.m */ = {isa = PBXFileReference; fileEncoding = 4; lastKnownFileType = sourcecode.c.objc; path = BOORoot.m; sourceTree = "<group>"; };
		14E0131319AD12B000BF86A5 /* BOOChannel.h */ = {isa = PBXFileReference; fileEncoding = 4; lastKnownFileType = sourcecode.c.h; path = BOOChannel.h; sourceTree = "<group>"; };
		14E0131419AD12B000BF86A5 /* BOOChannel.m */ = {isa = PBXFileReference; fileEncoding = 4; lastKnownFileType = sourcecode.c.objc; path = BOOChannel.m; sourceTree = "<group>"; };
		14E0131619AD145A00BF86A5 /* BOOMessage.h */ = {isa = PBXFileReference; fileEncoding = 4; lastKnownFileType = sourcecode.c.h; path = BOOMessage.h; sourceTree = "<group>"; };
		14E0131719AD145A00BF86A5 /* BOOMessage.m */ = {isa = PBXFileReference; fileEncoding = 4; lastKnownFileType = sourcecode.c.objc; path = BOOMessage.m; sourceTree = "<group>"; };
		14E0131919AD19F700BF86A5 /* structureTest.json */ = {isa = PBXFileReference; fileEncoding = 4; lastKnownFileType = text.json; name = structureTest.json; path = TestData/structureTest.json; sourceTree = "<group>"; };
/* End PBXFileReference section */

/* Begin PBXFrameworksBuildPhase section */
		14E012D519AD031200BF86A5 /* Frameworks */ = {
			isa = PBXFrameworksBuildPhase;
			buildActionMask = 2147483647;
			files = (
				14E012DD19AD031200BF86A5 /* Cocoa.framework in Frameworks */,
			);
			runOnlyForDeploymentPostprocessing = 0;
		};
		14E012ED19AD031200BF86A5 /* Frameworks */ = {
			isa = PBXFrameworksBuildPhase;
			buildActionMask = 2147483647;
			files = (
				14E012F619AD031200BF86A5 /* BOOJsonMapper.framework in Frameworks */,
				14E012F319AD031200BF86A5 /* Cocoa.framework in Frameworks */,
				14E012F219AD031200BF86A5 /* XCTest.framework in Frameworks */,
			);
			runOnlyForDeploymentPostprocessing = 0;
		};
/* End PBXFrameworksBuildPhase section */

/* Begin PBXGroup section */
		14E012CF19AD031200BF86A5 = {
			isa = PBXGroup;
			children = (
				14E012E219AD031200BF86A5 /* BOOJsonMapper */,
				14E012F719AD031200BF86A5 /* BOOJsonMapperTests */,
				14E012DB19AD031200BF86A5 /* Frameworks */,
				14E012DA19AD031200BF86A5 /* Products */,
			);
			sourceTree = "<group>";
		};
		14E012DA19AD031200BF86A5 /* Products */ = {
			isa = PBXGroup;
			children = (
				14E012D919AD031200BF86A5 /* BOOJsonMapper.framework */,
				14E012F019AD031200BF86A5 /* BOOJsonMapperTests.xctest */,
			);
			name = Products;
			sourceTree = "<group>";
		};
		14E012DB19AD031200BF86A5 /* Frameworks */ = {
			isa = PBXGroup;
			children = (
				14E012DC19AD031200BF86A5 /* Cocoa.framework */,
				14E012F119AD031200BF86A5 /* XCTest.framework */,
				14E012DE19AD031200BF86A5 /* Other Frameworks */,
			);
			name = Frameworks;
			sourceTree = "<group>";
		};
		14E012DE19AD031200BF86A5 /* Other Frameworks */ = {
			isa = PBXGroup;
			children = (
				14E012DF19AD031200BF86A5 /* Foundation.framework */,
				14E012E019AD031200BF86A5 /* CoreData.framework */,
				14E012E119AD031200BF86A5 /* AppKit.framework */,
			);
			name = "Other Frameworks";
			sourceTree = "<group>";
		};
		14E012E219AD031200BF86A5 /* BOOJsonMapper */ = {
			isa = PBXGroup;
			children = (
				14E012E919AD031200BF86A5 /* BOOJsonMapper.h */,
				14E012EA19AD031200BF86A5 /* BOOJsonMapper.m */,
				14E012E319AD031200BF86A5 /* Supporting Files */,
			);
			path = BOOJsonMapper;
			sourceTree = "<group>";
		};
		14E012E319AD031200BF86A5 /* Supporting Files */ = {
			isa = PBXGroup;
			children = (
				14E012E419AD031200BF86A5 /* BOOJsonMapper-Info.plist */,
				14E012E519AD031200BF86A5 /* InfoPlist.strings */,
				14E012E819AD031200BF86A5 /* BOOJsonMapper-Prefix.pch */,
			);
			name = "Supporting Files";
			sourceTree = "<group>";
		};
		14E012F719AD031200BF86A5 /* BOOJsonMapperTests */ = {
			isa = PBXGroup;
			children = (
				14E0130919AD04A100BF86A5 /* TestObjects */,
				14E012FD19AD031200BF86A5 /* BOOJsonMapperTests.m */,
				14E012F819AD031200BF86A5 /* Supporting Files */,
			);
			path = BOOJsonMapperTests;
			sourceTree = "<group>";
		};
		14E012F819AD031200BF86A5 /* Supporting Files */ = {
			isa = PBXGroup;
			children = (
				1449E42A19B4C2EC008B7796 /* kraftappen.json */,
				14E0130719AD032C00BF86A5 /* data.json */,
				14E012F919AD031200BF86A5 /* BOOJsonMapperTests-Info.plist */,
				14E012FA19AD031200BF86A5 /* InfoPlist.strings */,
				14E0131919AD19F700BF86A5 /* structureTest.json */,
			);
			name = "Supporting Files";
			sourceTree = "<group>";
		};
		14E0130919AD04A100BF86A5 /* TestObjects */ = {
			isa = PBXGroup;
			children = (
				1449E42719B4C2CD008B7796 /* PiranhaChanges.h */,
				1449E42819B4C2CD008B7796 /* PiranhaChanges.m */,
				14E0130A19AD04B600BF86A5 /* BOOUser.h */,
				14E0130B19AD04B600BF86A5 /* BOOUser.m */,
				14E0130D19AD04C000BF86A5 /* BOOOrganization.h */,
				14E0130E19AD04C000BF86A5 /* BOOOrganization.m */,
				14E0131019AD04C700BF86A5 /* BOORoot.h */,
				14E0131119AD04C700BF86A5 /* BOORoot.m */,
				14E0131319AD12B000BF86A5 /* BOOChannel.h */,
				14E0131419AD12B000BF86A5 /* BOOChannel.m */,
				14E0131619AD145A00BF86A5 /* BOOMessage.h */,
				14E0131719AD145A00BF86A5 /* BOOMessage.m */,
				1449E42C19B4C343008B7796 /* PiranhaPage.h */,
				1449E42D19B4C343008B7796 /* PiranhaPage.m */,
				14CEE8C119B4E5990051F1A7 /* PiranhaRegion.h */,
				14CEE8C219B4E5990051F1A7 /* PiranhaRegion.m */,
				14CEE8C419B4F8450051F1A7 /* PiranhaContent.h */,
				14CEE8C519B4F8450051F1A7 /* PiranhaContent.m */,
				14CEE8C719B4F9A60051F1A7 /* PiranhaPost.h */,
				14CEE8C819B4F9A60051F1A7 /* PiranhaPost.m */,
			);
			path = TestObjects;
			sourceTree = "<group>";
		};
/* End PBXGroup section */

/* Begin PBXHeadersBuildPhase section */
		14E012D619AD031200BF86A5 /* Headers */ = {
			isa = PBXHeadersBuildPhase;
			buildActionMask = 2147483647;
			files = (
			);
			runOnlyForDeploymentPostprocessing = 0;
		};
/* End PBXHeadersBuildPhase section */

/* Begin PBXNativeTarget section */
		14E012D819AD031200BF86A5 /* BOOJsonMapper */ = {
			isa = PBXNativeTarget;
			buildConfigurationList = 14E0130119AD031200BF86A5 /* Build configuration list for PBXNativeTarget "BOOJsonMapper" */;
			buildPhases = (
				14E012D419AD031200BF86A5 /* Sources */,
				14E012D519AD031200BF86A5 /* Frameworks */,
				14E012D619AD031200BF86A5 /* Headers */,
				14E012D719AD031200BF86A5 /* Resources */,
			);
			buildRules = (
			);
			dependencies = (
			);
			name = BOOJsonMapper;
			productName = BOOJsonMapper;
			productReference = 14E012D919AD031200BF86A5 /* BOOJsonMapper.framework */;
			productType = "com.apple.product-type.framework";
		};
		14E012EF19AD031200BF86A5 /* BOOJsonMapperTests */ = {
			isa = PBXNativeTarget;
			buildConfigurationList = 14E0130419AD031200BF86A5 /* Build configuration list for PBXNativeTarget "BOOJsonMapperTests" */;
			buildPhases = (
				14E012EC19AD031200BF86A5 /* Sources */,
				14E012ED19AD031200BF86A5 /* Frameworks */,
				14E012EE19AD031200BF86A5 /* Resources */,
			);
			buildRules = (
			);
			dependencies = (
				14E012F519AD031200BF86A5 /* PBXTargetDependency */,
			);
			name = BOOJsonMapperTests;
			productName = BOOJsonMapperTests;
			productReference = 14E012F019AD031200BF86A5 /* BOOJsonMapperTests.xctest */;
			productType = "com.apple.product-type.bundle.unit-test";
		};
/* End PBXNativeTarget section */

/* Begin PBXProject section */
		14E012D019AD031200BF86A5 /* Project object */ = {
			isa = PBXProject;
			attributes = {
				LastUpgradeCheck = 0510;
				ORGANIZATIONNAME = "Tobias Boogh";
				TargetAttributes = {
					14E012EF19AD031200BF86A5 = {
						TestTargetID = 14E012D819AD031200BF86A5;
					};
				};
			};
			buildConfigurationList = 14E012D319AD031200BF86A5 /* Build configuration list for PBXProject "BOOJsonMapper" */;
			compatibilityVersion = "Xcode 3.2";
			developmentRegion = English;
			hasScannedForEncodings = 0;
			knownRegions = (
				en,
			);
			mainGroup = 14E012CF19AD031200BF86A5;
			productRefGroup = 14E012DA19AD031200BF86A5 /* Products */;
			projectDirPath = "";
			projectRoot = "";
			targets = (
				14E012D819AD031200BF86A5 /* BOOJsonMapper */,
				14E012EF19AD031200BF86A5 /* BOOJsonMapperTests */,
			);
		};
/* End PBXProject section */

/* Begin PBXResourcesBuildPhase section */
		14E012D719AD031200BF86A5 /* Resources */ = {
			isa = PBXResourcesBuildPhase;
			buildActionMask = 2147483647;
			files = (
				14E012E719AD031200BF86A5 /* InfoPlist.strings in Resources */,
			);
			runOnlyForDeploymentPostprocessing = 0;
		};
		14E012EE19AD031200BF86A5 /* Resources */ = {
			isa = PBXResourcesBuildPhase;
			buildActionMask = 2147483647;
			files = (
				14E0131A19AD19F700BF86A5 /* structureTest.json in Resources */,
				14E012FC19AD031200BF86A5 /* InfoPlist.strings in Resources */,
				14E0130819AD032C00BF86A5 /* data.json in Resources */,
				1449E42B19B4C2EC008B7796 /* kraftappen.json in Resources */,
			);
			runOnlyForDeploymentPostprocessing = 0;
		};
/* End PBXResourcesBuildPhase section */

/* Begin PBXSourcesBuildPhase section */
		14E012D419AD031200BF86A5 /* Sources */ = {
			isa = PBXSourcesBuildPhase;
			buildActionMask = 2147483647;
			files = (
				14E012EB19AD031200BF86A5 /* BOOJsonMapper.m in Sources */,
			);
			runOnlyForDeploymentPostprocessing = 0;
		};
		14E012EC19AD031200BF86A5 /* Sources */ = {
			isa = PBXSourcesBuildPhase;
			buildActionMask = 2147483647;
			files = (
				1449E42E19B4C343008B7796 /* PiranhaPage.m in Sources */,
				14E0131219AD04C700BF86A5 /* BOORoot.m in Sources */,
				14E0131519AD12B000BF86A5 /* BOOChannel.m in Sources */,
				14E0131819AD145A00BF86A5 /* BOOMessage.m in Sources */,
				1449E42919B4C2CD008B7796 /* PiranhaChanges.m in Sources */,
				14CEE8C919B4F9A60051F1A7 /* PiranhaPost.m in Sources */,
				14E0130F19AD04C000BF86A5 /* BOOOrganization.m in Sources */,
				14E012FE19AD031200BF86A5 /* BOOJsonMapperTests.m in Sources */,
				14E0130C19AD04B600BF86A5 /* BOOUser.m in Sources */,
				14CEE8C319B4E5990051F1A7 /* PiranhaRegion.m in Sources */,
				14CEE8C619B4F8450051F1A7 /* PiranhaContent.m in Sources */,
			);
			runOnlyForDeploymentPostprocessing = 0;
		};
/* End PBXSourcesBuildPhase section */

/* Begin PBXTargetDependency section */
		14E012F519AD031200BF86A5 /* PBXTargetDependency */ = {
			isa = PBXTargetDependency;
			target = 14E012D819AD031200BF86A5 /* BOOJsonMapper */;
			targetProxy = 14E012F419AD031200BF86A5 /* PBXContainerItemProxy */;
		};
/* End PBXTargetDependency section */

/* Begin PBXVariantGroup section */
		14E012E519AD031200BF86A5 /* InfoPlist.strings */ = {
			isa = PBXVariantGroup;
			children = (
				14E012E619AD031200BF86A5 /* en */,
			);
			name = InfoPlist.strings;
			sourceTree = "<group>";
		};
		14E012FA19AD031200BF86A5 /* InfoPlist.strings */ = {
			isa = PBXVariantGroup;
			children = (
				14E012FB19AD031200BF86A5 /* en */,
			);
			name = InfoPlist.strings;
			sourceTree = "<group>";
		};
/* End PBXVariantGroup section */

/* Begin XCBuildConfiguration section */
		14E012FF19AD031200BF86A5 /* Debug */ = {
			isa = XCBuildConfiguration;
			buildSettings = {
				ALWAYS_SEARCH_USER_PATHS = NO;
				CLANG_CXX_LANGUAGE_STANDARD = "gnu++0x";
				CLANG_CXX_LIBRARY = "libc++";
				CLANG_ENABLE_MODULES = YES;
				CLANG_ENABLE_OBJC_ARC = YES;
				CLANG_WARN_BOOL_CONVERSION = YES;
				CLANG_WARN_CONSTANT_CONVERSION = YES;
				CLANG_WARN_DIRECT_OBJC_ISA_USAGE = YES_ERROR;
				CLANG_WARN_EMPTY_BODY = YES;
				CLANG_WARN_ENUM_CONVERSION = YES;
				CLANG_WARN_INT_CONVERSION = YES;
				CLANG_WARN_OBJC_ROOT_CLASS = YES_ERROR;
				CLANG_WARN__DUPLICATE_METHOD_MATCH = YES;
				COPY_PHASE_STRIP = NO;
				GCC_C_LANGUAGE_STANDARD = gnu99;
				GCC_DYNAMIC_NO_PIC = NO;
				GCC_ENABLE_OBJC_EXCEPTIONS = YES;
				GCC_OPTIMIZATION_LEVEL = 0;
				GCC_PREPROCESSOR_DEFINITIONS = (
					"DEBUG=1",
					"$(inherited)",
				);
				GCC_SYMBOLS_PRIVATE_EXTERN = NO;
				GCC_WARN_64_TO_32_BIT_CONVERSION = YES;
				GCC_WARN_ABOUT_RETURN_TYPE = YES_ERROR;
				GCC_WARN_UNDECLARED_SELECTOR = YES;
				GCC_WARN_UNINITIALIZED_AUTOS = YES_AGGRESSIVE;
				GCC_WARN_UNUSED_FUNCTION = YES;
				GCC_WARN_UNUSED_VARIABLE = YES;
				MACOSX_DEPLOYMENT_TARGET = 10.9;
				ONLY_ACTIVE_ARCH = YES;
				SDKROOT = macosx;
			};
			name = Debug;
		};
		14E0130019AD031200BF86A5 /* Release */ = {
			isa = XCBuildConfiguration;
			buildSettings = {
				ALWAYS_SEARCH_USER_PATHS = NO;
				CLANG_CXX_LANGUAGE_STANDARD = "gnu++0x";
				CLANG_CXX_LIBRARY = "libc++";
				CLANG_ENABLE_MODULES = YES;
				CLANG_ENABLE_OBJC_ARC = YES;
				CLANG_WARN_BOOL_CONVERSION = YES;
				CLANG_WARN_CONSTANT_CONVERSION = YES;
				CLANG_WARN_DIRECT_OBJC_ISA_USAGE = YES_ERROR;
				CLANG_WARN_EMPTY_BODY = YES;
				CLANG_WARN_ENUM_CONVERSION = YES;
				CLANG_WARN_INT_CONVERSION = YES;
				CLANG_WARN_OBJC_ROOT_CLASS = YES_ERROR;
				CLANG_WARN__DUPLICATE_METHOD_MATCH = YES;
				COPY_PHASE_STRIP = YES;
				DEBUG_INFORMATION_FORMAT = "dwarf-with-dsym";
				ENABLE_NS_ASSERTIONS = NO;
				GCC_C_LANGUAGE_STANDARD = gnu99;
				GCC_ENABLE_OBJC_EXCEPTIONS = YES;
				GCC_WARN_64_TO_32_BIT_CONVERSION = YES;
				GCC_WARN_ABOUT_RETURN_TYPE = YES_ERROR;
				GCC_WARN_UNDECLARED_SELECTOR = YES;
				GCC_WARN_UNINITIALIZED_AUTOS = YES_AGGRESSIVE;
				GCC_WARN_UNUSED_FUNCTION = YES;
				GCC_WARN_UNUSED_VARIABLE = YES;
				MACOSX_DEPLOYMENT_TARGET = 10.9;
				SDKROOT = macosx;
			};
			name = Release;
		};
		14E0130219AD031200BF86A5 /* Debug */ = {
			isa = XCBuildConfiguration;
			buildSettings = {
				COMBINE_HIDPI_IMAGES = YES;
				DYLIB_COMPATIBILITY_VERSION = 1;
				DYLIB_CURRENT_VERSION = 1;
				FRAMEWORK_VERSION = A;
				GCC_PRECOMPILE_PREFIX_HEADER = YES;
				GCC_PREFIX_HEADER = "BOOJsonMapper/BOOJsonMapper-Prefix.pch";
				INFOPLIST_FILE = "BOOJsonMapper/BOOJsonMapper-Info.plist";
				PRODUCT_NAME = "$(TARGET_NAME)";
				WRAPPER_EXTENSION = framework;
			};
			name = Debug;
		};
		14E0130319AD031200BF86A5 /* Release */ = {
			isa = XCBuildConfiguration;
			buildSettings = {
				COMBINE_HIDPI_IMAGES = YES;
				DYLIB_COMPATIBILITY_VERSION = 1;
				DYLIB_CURRENT_VERSION = 1;
				FRAMEWORK_VERSION = A;
				GCC_PRECOMPILE_PREFIX_HEADER = YES;
				GCC_PREFIX_HEADER = "BOOJsonMapper/BOOJsonMapper-Prefix.pch";
				INFOPLIST_FILE = "BOOJsonMapper/BOOJsonMapper-Info.plist";
				PRODUCT_NAME = "$(TARGET_NAME)";
				WRAPPER_EXTENSION = framework;
			};
			name = Release;
		};
		14E0130519AD031200BF86A5 /* Debug */ = {
			isa = XCBuildConfiguration;
			buildSettings = {
				BUNDLE_LOADER = "$(BUILT_PRODUCTS_DIR)/BOOJsonMapper.framework/Versions/A/BOOJsonMapper";
				COMBINE_HIDPI_IMAGES = YES;
				FRAMEWORK_SEARCH_PATHS = (
					"$(DEVELOPER_FRAMEWORKS_DIR)",
					"$(inherited)",
				);
				GCC_PRECOMPILE_PREFIX_HEADER = YES;
				GCC_PREFIX_HEADER = "BOOJsonMapper/BOOJsonMapper-Prefix.pch";
				GCC_PREPROCESSOR_DEFINITIONS = (
					"DEBUG=1",
					"$(inherited)",
				);
				INFOPLIST_FILE = "BOOJsonMapperTests/BOOJsonMapperTests-Info.plist";
				PRODUCT_NAME = "$(TARGET_NAME)";
				TEST_HOST = "$(BUNDLE_LOADER)";
				WRAPPER_EXTENSION = xctest;
			};
			name = Debug;
		};
		14E0130619AD031200BF86A5 /* Release */ = {
			isa = XCBuildConfiguration;
			buildSettings = {
				BUNDLE_LOADER = "$(BUILT_PRODUCTS_DIR)/BOOJsonMapper.framework/Versions/A/BOOJsonMapper";
				COMBINE_HIDPI_IMAGES = YES;
				FRAMEWORK_SEARCH_PATHS = (
					"$(DEVELOPER_FRAMEWORKS_DIR)",
					"$(inherited)",
				);
				GCC_PRECOMPILE_PREFIX_HEADER = YES;
				GCC_PREFIX_HEADER = "BOOJsonMapper/BOOJsonMapper-Prefix.pch";
				INFOPLIST_FILE = "BOOJsonMapperTests/BOOJsonMapperTests-Info.plist";
				PRODUCT_NAME = "$(TARGET_NAME)";
				TEST_HOST = "$(BUNDLE_LOADER)";
				WRAPPER_EXTENSION = xctest;
			};
			name = Release;
		};
/* End XCBuildConfiguration section */

/* Begin XCConfigurationList section */
		14E012D319AD031200BF86A5 /* Build configuration list for PBXProject "BOOJsonMapper" */ = {
			isa = XCConfigurationList;
			buildConfigurations = (
				14E012FF19AD031200BF86A5 /* Debug */,
				14E0130019AD031200BF86A5 /* Release */,
			);
			defaultConfigurationIsVisible = 0;
			defaultConfigurationName = Release;
		};
		14E0130119AD031200BF86A5 /* Build configuration list for PBXNativeTarget "BOOJsonMapper" */ = {
			isa = XCConfigurationList;
			buildConfigurations = (
				14E0130219AD031200BF86A5 /* Debug */,
				14E0130319AD031200BF86A5 /* Release */,
			);
			defaultConfigurationIsVisible = 0;
			defaultConfigurationName = Release;
		};
		14E0130419AD031200BF86A5 /* Build configuration list for PBXNativeTarget "BOOJsonMapperTests" */ = {
			isa = XCConfigurationList;
			buildConfigurations = (
				14E0130519AD031200BF86A5 /* Debug */,
				14E0130619AD031200BF86A5 /* Release */,
			);
			defaultConfigurationIsVisible = 0;
			defaultConfigurationName = Release;
		};
/* End XCConfigurationList section */
	};
	rootObject = 14E012D019AD031200BF86A5 /* Project object */;
}
